
Microsoft Visual Studio Solution File, Format Version 12.00
# Visual Studio 15
VisualStudioVersion = 15.0.28307.572
MinimumVisualStudioVersion = 10.0.40219.1
Project("{FAE04EC0-301F-11D3-BF4B-00C04F79EFBC}") = "StringIO_TextView", "StringIO_TextView\StringIO_TextView.csproj", "{1B90C47E-89E9-4B89-BF03-AAF61A63E633}"
EndProject
Global
	GlobalSection(SolutionConfigurationPlatforms) = preSolution
		Debug|Any CPU = Debug|Any CPU
		Release|Any CPU = Release|Any CPU
	EndGlobalSection
	GlobalSection(ProjectConfigurationPlatforms) = postSolution
		{1B90C47E-89E9-4B89-BF03-AAF61A63E633}.Debug|Any CPU.ActiveCfg = Debug|Any CPU
		{1B90C47E-89E9-4B89-BF03-AAF61A63E633}.Debug|Any CPU.Build.0 = Debug|Any CPU
		{1B90C47E-89E9-4B89-BF03-AAF61A63E633}.Release|Any CPU.ActiveCfg = Release|Any CPU
		{1B90C47E-89E9-4B89-BF03-AAF61A63E633}.Release|Any CPU.Build.0 = Release|Any CPU
	EndGlobalSection
	GlobalSection(SolutionProperties) = preSolution
		HideSolutionNode = FALSE
	EndGlobalSection
	GlobalSection(ExtensibilityGlobals) = postSolution
		SolutionGuid = {F37D3FBE-2DEC-4B36-BAFD-D50F62551474}
	EndGlobalSection
EndGlobal
